# This file was autogenerated by Stack.
# You should not edit this file by hand.
# For more information, please see the documentation at:
#   https://docs.haskellstack.org/en/stable/lock_files

packages:
- completed:
    hackage: fused-effects-1.1.1.0@sha256:6f5cf3f2d0d61f39d97b8f63bc96564d0f64bc2801f3da828572d9f99f1e79f4,5139
    pantry-tree:
      size: 6288
      sha256: 44b34742d763dbc1922e05f2b8017a8e02a298ca66c72bb4c7b0468fea4a7254
  original:
    hackage: fused-effects-1.1.1.0@sha256:6f5cf3f2d0d61f39d97b8f63bc96564d0f64bc2801f3da828572d9f99f1e79f4,5139
- completed:
    hackage: postgresql-simple-migration-0.1.15.0@sha256:0e24e96908430f5caf9c1c1d9ca7c5c108e4e0409a255e2cbd77e8cd252dbb02,3879
    pantry-tree:
      size: 766
      sha256: c2843bfe43b804992bc913f33ec6b2c6cb0fc99c6d931b6ff85894e8aef9a99e
  original:
    hackage: postgresql-simple-migration-0.1.15.0
snapshots:
- completed:
    size: 533252
    url: https://raw.githubusercontent.com/commercialhaskell/stackage-snapshots/master/lts/16/26.yaml
    sha256: cdbc5db9c1afe80a5998247939027a0c7db92fa0f20b5cd01596ec3da628b622
  original:
    url: https://raw.githubusercontent.com/commercialhaskell/stackage-snapshots/master/lts/16/26.yaml
